
Microsoft Visual Studio Solution File, Format Version 12.00
# Visual Studio Version 17
VisualStudioVersion = 17.9.34607.119
MinimumVisualStudioVersion = 10.0.40219.1
Project("{FAE04EC0-301F-11D3-BF4B-00C04F79EFBC}") = "AzbusProducer", "AzbusProducer.csproj", "{9BEBDAF5-4A87-4B67-BC67-20EFE2E01FF9}"
EndProject
Global
	GlobalSection(SolutionConfigurationPlatforms) = preSolution
		Debug|Any CPU = Debug|Any CPU
		Release|Any CPU = Release|Any CPU
	EndGlobalSection
	GlobalSection(ProjectConfigurationPlatforms) = postSolution
		{9BEBDAF5-4A87-4B67-BC67-20EFE2E01FF9}.Debug|Any CPU.ActiveCfg = Debug|Any CPU
		{9BEBDAF5-4A87-4B67-BC67-20EFE2E01FF9}.Debug|Any CPU.Build.0 = Debug|Any CPU
		{9BEBDAF5-4A87-4B67-BC67-20EFE2E01FF9}.Release|Any CPU.ActiveCfg = Release|Any CPU
		{9BEBDAF5-4A87-4B67-BC67-20EFE2E01FF9}.Release|Any CPU.Build.0 = Release|Any CPU
	EndGlobalSection
	GlobalSection(SolutionProperties) = preSolution
		HideSolutionNode = FALSE
	EndGlobalSection
	GlobalSection(ExtensibilityGlobals) = postSolution
		SolutionGuid = {47FDE304-68DD-40BC-952A-355F40D519CF}
	EndGlobalSection
EndGlobal
